
Microsoft Visual Studio Solution File, Format Version 11.00
# Visual Studio 2010
Project("{FAE04EC0-301F-11D3-BF4B-00C04F79EFBC}") = "IapTest", "IapTest.csproj", "{6BABC339-D327-4BD8-A5EE-2A2117200408}"
EndProject
Global
	GlobalSection(SolutionConfigurationPlatforms) = preSolution
		Debug|Any CPU = Debug|Any CPU
		Release|Any CPU = Release|Any CPU
	EndGlobalSection
	GlobalSection(ProjectConfigurationPlatforms) = postSolution
		{6BABC339-D327-4BD8-A5EE-2A2117200408}.Debug|Any CPU.ActiveCfg = Debug|Any CPU
		{6BABC339-D327-4BD8-A5EE-2A2117200408}.Debug|Any CPU.Build.0 = Debug|Any CPU
		{6BABC339-D327-4BD8-A5EE-2A2117200408}.Release|Any CPU.ActiveCfg = Release|Any CPU
		{6BABC339-D327-4BD8-A5EE-2A2117200408}.Release|Any CPU.Build.0 = Release|Any CPU
	EndGlobalSection
	GlobalSection(MonoDevelopProperties) = preSolution
		StartupItem = IapTest.csproj
	EndGlobalSection
EndGlobal
